
Microsoft Visual Studio Solution File, Format Version 12.00
# Visual Studio Version 17
VisualStudioVersion = 17.7.34221.43
MinimumVisualStudioVersion = 10.0.40219.1
Project("{FAE04EC0-301F-11D3-BF4B-00C04F79EFBC}") = "final project", "final project\final project.csproj", "{28099CD4-9841-478D-8BC4-9458F4FF5C34}"
EndProject
Global
	GlobalSection(SolutionConfigurationPlatforms) = preSolution
		Debug|Any CPU = Debug|Any CPU
		Release|Any CPU = Release|Any CPU
	EndGlobalSection
	GlobalSection(ProjectConfigurationPlatforms) = postSolution
		{28099CD4-9841-478D-8BC4-9458F4FF5C34}.Debug|Any CPU.ActiveCfg = Debug|Any CPU
		{28099CD4-9841-478D-8BC4-9458F4FF5C34}.Debug|Any CPU.Build.0 = Debug|Any CPU
		{28099CD4-9841-478D-8BC4-9458F4FF5C34}.Release|Any CPU.ActiveCfg = Release|Any CPU
		{28099CD4-9841-478D-8BC4-9458F4FF5C34}.Release|Any CPU.Build.0 = Release|Any CPU
	EndGlobalSection
	GlobalSection(SolutionProperties) = preSolution
		HideSolutionNode = FALSE
	EndGlobalSection
	GlobalSection(ExtensibilityGlobals) = postSolution
		SolutionGuid = {9F47E17B-0AE2-43F0-A93C-6C34222ECF3F}
	EndGlobalSection
EndGlobal
